
Microsoft Visual Studio Solution File, Format Version 12.00
# Visual Studio Version 17
VisualStudioVersion = 17.5.33209.295
MinimumVisualStudioVersion = 10.0.40219.1
Project("{FAE04EC0-301F-11D3-BF4B-00C04F79EFBC}") = "NatMarchand.CodeAnalysis.Cli", "NatMarchand.CodeAnalysis.Cli\NatMarchand.CodeAnalysis.Cli.csproj", "{0BA71F5E-A923-436E-8816-9C8EC80B8AF3}"
EndProject
Global
	GlobalSection(SolutionConfigurationPlatforms) = preSolution
		Debug|Any CPU = Debug|Any CPU
		Release|Any CPU = Release|Any CPU
	EndGlobalSection
	GlobalSection(ProjectConfigurationPlatforms) = postSolution
		{0BA71F5E-A923-436E-8816-9C8EC80B8AF3}.Debug|Any CPU.ActiveCfg = Debug|Any CPU
		{0BA71F5E-A923-436E-8816-9C8EC80B8AF3}.Debug|Any CPU.Build.0 = Debug|Any CPU
		{0BA71F5E-A923-436E-8816-9C8EC80B8AF3}.Release|Any CPU.ActiveCfg = Release|Any CPU
		{0BA71F5E-A923-436E-8816-9C8EC80B8AF3}.Release|Any CPU.Build.0 = Release|Any CPU
	EndGlobalSection
	GlobalSection(SolutionProperties) = preSolution
		HideSolutionNode = FALSE
	EndGlobalSection
	GlobalSection(ExtensibilityGlobals) = postSolution
		SolutionGuid = {C8585B6B-37BA-4C22-A164-BF226AF7E3A9}
	EndGlobalSection
EndGlobal
